FORGE
  remote: https://forgeapi.puppetlabs.com
  specs:
    alup-rbenv (1.2.0)
    maestrodev-wget (1.6.0)
    puppetlabs-apt (1.8.0)
      puppetlabs-stdlib (>= 2.2.1)
    puppetlabs-gcc (0.3.0)
      puppetlabs-stdlib (< 5.0.0, >= 2.0.0)
    puppetlabs-stdlib (4.2.0)
    thomasvandoren-redis (0.10.0)
      maestrodev-wget (>= 1.1.0)
      puppetlabs-gcc (>= 0.0.3)

DEPENDENCIES
  alup-rbenv (>= 0)
  puppetlabs-apt (>= 0)
  puppetlabs-stdlib (= 4.2.0)
  thomasvandoren-redis (>= 0)

